
Microsoft Visual Studio Solution File, Format Version 12.00
# Visual Studio Version 16
VisualStudioVersion = 16.0.31702.278
MinimumVisualStudioVersion = 10.0.40219.1
Project("{8BC9CEB8-8B4A-11D0-8D11-00A0C91BC942}") = "배열을 이용해서 가장 작은 수 출력", "array1\array1.vcxproj", "{692CD8F0-EA5C-4F83-9DFA-02F975FD3815}"
EndProject
Project("{8BC9CEB8-8B4A-11D0-8D11-00A0C91BC942}") = "전치행렬 출력하기 - 1트", "전치행렬 출력하기 - 1트\전치행렬 출력하기 - 1트.vcxproj", "{75190C20-7932-404B-B954-FDB2B6BFC9F5}"
EndProject
Project("{8BC9CEB8-8B4A-11D0-8D11-00A0C91BC942}") = "전치행렬 출력하기 - 2트", "전치행렬 출력하기 - 2트\전치행렬 출력하기 - 2트.vcxproj", "{2BF1FCF5-FBAC-4784-B961-BDA65C248284}"
EndProject
Global
	GlobalSection(SolutionConfigurationPlatforms) = preSolution
		Debug|x64 = Debug|x64
		Debug|x86 = Debug|x86
		Release|x64 = Release|x64
		Release|x86 = Release|x86
	EndGlobalSection
	GlobalSection(ProjectConfigurationPlatforms) = postSolution
		{692CD8F0-EA5C-4F83-9DFA-02F975FD3815}.Debug|x64.ActiveCfg = Debug|x64
		{692CD8F0-EA5C-4F83-9DFA-02F975FD3815}.Debug|x64.Build.0 = Debug|x64
		{692CD8F0-EA5C-4F83-9DFA-02F975FD3815}.Debug|x86.ActiveCfg = Debug|Win32
		{692CD8F0-EA5C-4F83-9DFA-02F975FD3815}.Debug|x86.Build.0 = Debug|Win32
		{692CD8F0-EA5C-4F83-9DFA-02F975FD3815}.Release|x64.ActiveCfg = Release|x64
		{692CD8F0-EA5C-4F83-9DFA-02F975FD3815}.Release|x64.Build.0 = Release|x64
		{692CD8F0-EA5C-4F83-9DFA-02F975FD3815}.Release|x86.ActiveCfg = Release|Win32
		{692CD8F0-EA5C-4F83-9DFA-02F975FD3815}.Release|x86.Build.0 = Release|Win32
		{75190C20-7932-404B-B954-FDB2B6BFC9F5}.Debug|x64.ActiveCfg = Debug|x64
		{75190C20-7932-404B-B954-FDB2B6BFC9F5}.Debug|x64.Build.0 = Debug|x64
		{75190C20-7932-404B-B954-FDB2B6BFC9F5}.Debug|x86.ActiveCfg = Debug|Win32
		{75190C20-7932-404B-B954-FDB2B6BFC9F5}.Debug|x86.Build.0 = Debug|Win32
		{75190C20-7932-404B-B954-FDB2B6BFC9F5}.Release|x64.ActiveCfg = Release|x64
		{75190C20-7932-404B-B954-FDB2B6BFC9F5}.Release|x64.Build.0 = Release|x64
		{75190C20-7932-404B-B954-FDB2B6BFC9F5}.Release|x86.ActiveCfg = Release|Win32
		{75190C20-7932-404B-B954-FDB2B6BFC9F5}.Release|x86.Build.0 = Release|Win32
		{2BF1FCF5-FBAC-4784-B961-BDA65C248284}.Debug|x64.ActiveCfg = Debug|x64
		{2BF1FCF5-FBAC-4784-B961-BDA65C248284}.Debug|x64.Build.0 = Debug|x64
		{2BF1FCF5-FBAC-4784-B961-BDA65C248284}.Debug|x86.ActiveCfg = Debug|Win32
		{2BF1FCF5-FBAC-4784-B961-BDA65C248284}.Debug|x86.Build.0 = Debug|Win32
		{2BF1FCF5-FBAC-4784-B961-BDA65C248284}.Release|x64.ActiveCfg = Release|x64
		{2BF1FCF5-FBAC-4784-B961-BDA65C248284}.Release|x64.Build.0 = Release|x64
		{2BF1FCF5-FBAC-4784-B961-BDA65C248284}.Release|x86.ActiveCfg = Release|Win32
		{2BF1FCF5-FBAC-4784-B961-BDA65C248284}.Release|x86.Build.0 = Release|Win32
	EndGlobalSection
	GlobalSection(SolutionProperties) = preSolution
		HideSolutionNode = FALSE
	EndGlobalSection
	GlobalSection(ExtensibilityGlobals) = postSolution
		SolutionGuid = {A2DC1FC3-ABD3-42E6-8A4D-0C742737CED9}
	EndGlobalSection
EndGlobal
